
Microsoft Visual Studio Solution File, Format Version 12.00
# Visual Studio Version 17
VisualStudioVersion = 17.9.34714.143
MinimumVisualStudioVersion = 10.0.40219.1
Project("{8BC9CEB8-8B4A-11D0-8D11-00A0C91BC942}") = "pryecto_matematicas_3", "pryecto_matematicas_3.vcxproj", "{B603B559-6443-4C90-9CCF-769C367E82DC}"
EndProject
Global
	GlobalSection(SolutionConfigurationPlatforms) = preSolution
		Debug|x64 = Debug|x64
		Debug|x86 = Debug|x86
		Release|x64 = Release|x64
		Release|x86 = Release|x86
	EndGlobalSection
	GlobalSection(ProjectConfigurationPlatforms) = postSolution
		{B603B559-6443-4C90-9CCF-769C367E82DC}.Debug|x64.ActiveCfg = Debug|x64
		{B603B559-6443-4C90-9CCF-769C367E82DC}.Debug|x64.Build.0 = Debug|x64
		{B603B559-6443-4C90-9CCF-769C367E82DC}.Debug|x86.ActiveCfg = Debug|Win32
		{B603B559-6443-4C90-9CCF-769C367E82DC}.Debug|x86.Build.0 = Debug|Win32
		{B603B559-6443-4C90-9CCF-769C367E82DC}.Release|x64.ActiveCfg = Release|x64
		{B603B559-6443-4C90-9CCF-769C367E82DC}.Release|x64.Build.0 = Release|x64
		{B603B559-6443-4C90-9CCF-769C367E82DC}.Release|x86.ActiveCfg = Release|Win32
		{B603B559-6443-4C90-9CCF-769C367E82DC}.Release|x86.Build.0 = Release|Win32
	EndGlobalSection
	GlobalSection(SolutionProperties) = preSolution
		HideSolutionNode = FALSE
	EndGlobalSection
	GlobalSection(ExtensibilityGlobals) = postSolution
		SolutionGuid = {0A34F4A9-323A-4F9A-8094-9F4DCAF27AF9}
	EndGlobalSection
EndGlobal
